
Microsoft Visual Studio Solution File, Format Version 12.00
# Visual Studio Version 16
VisualStudioVersion = 16.0.29905.134
MinimumVisualStudioVersion = 10.0.40219.1
Project("{FAE04EC0-301F-11D3-BF4B-00C04F79EFBC}") = "FirsttestXml", "FirsttestXml\FirsttestXml.csproj", "{7B2F8A3F-0822-4FE0-87F3-8B8F9F7278DC}"
EndProject
Global
	GlobalSection(SolutionConfigurationPlatforms) = preSolution
		Debug|Any CPU = Debug|Any CPU
		Release|Any CPU = Release|Any CPU
	EndGlobalSection
	GlobalSection(ProjectConfigurationPlatforms) = postSolution
		{7B2F8A3F-0822-4FE0-87F3-8B8F9F7278DC}.Debug|Any CPU.ActiveCfg = Debug|Any CPU
		{7B2F8A3F-0822-4FE0-87F3-8B8F9F7278DC}.Debug|Any CPU.Build.0 = Debug|Any CPU
		{7B2F8A3F-0822-4FE0-87F3-8B8F9F7278DC}.Release|Any CPU.ActiveCfg = Release|Any CPU
		{7B2F8A3F-0822-4FE0-87F3-8B8F9F7278DC}.Release|Any CPU.Build.0 = Release|Any CPU
	EndGlobalSection
	GlobalSection(SolutionProperties) = preSolution
		HideSolutionNode = FALSE
	EndGlobalSection
	GlobalSection(ExtensibilityGlobals) = postSolution
		SolutionGuid = {B452D6DF-5CF9-4FBD-ABA1-D5272F04BDC5}
	EndGlobalSection
EndGlobal
